
Microsoft Visual Studio Solution File, Format Version 12.00
# Visual Studio Version 17
VisualStudioVersion = 17.4.33110.190
MinimumVisualStudioVersion = 10.0.40219.1
Project("{FAE04EC0-301F-11D3-BF4B-00C04F79EFBC}") = "WinFormsApp1", "WinFormsApp1.csproj", "{58194572-39AD-46BD-96B0-F791CB0A9F42}"
EndProject
Global
	GlobalSection(SolutionConfigurationPlatforms) = preSolution
		Debug|Any CPU = Debug|Any CPU
		Release|Any CPU = Release|Any CPU
	EndGlobalSection
	GlobalSection(ProjectConfigurationPlatforms) = postSolution
		{58194572-39AD-46BD-96B0-F791CB0A9F42}.Debug|Any CPU.ActiveCfg = Debug|Any CPU
		{58194572-39AD-46BD-96B0-F791CB0A9F42}.Debug|Any CPU.Build.0 = Debug|Any CPU
		{58194572-39AD-46BD-96B0-F791CB0A9F42}.Release|Any CPU.ActiveCfg = Release|Any CPU
		{58194572-39AD-46BD-96B0-F791CB0A9F42}.Release|Any CPU.Build.0 = Release|Any CPU
	EndGlobalSection
	GlobalSection(SolutionProperties) = preSolution
		HideSolutionNode = FALSE
	EndGlobalSection
	GlobalSection(ExtensibilityGlobals) = postSolution
		SolutionGuid = {37707531-5A3E-4780-A291-49426C4B60FF}
	EndGlobalSection
EndGlobal
